
Microsoft Visual Studio Solution File, Format Version 11.00
# Visual Studio 2010
Project("{FAE04EC0-301F-11D3-BF4B-00C04F79EFBC}") = "01_HelloSifteo", "01_HelloSifteo.csproj", "{D5798996-A44F-443E-81C2-7F421CA9D2FB}"
EndProject
Global
	GlobalSection(SolutionConfigurationPlatforms) = preSolution
		Debug|x86 = Debug|x86
		Release|x86 = Release|x86
	EndGlobalSection
	GlobalSection(ProjectConfigurationPlatforms) = postSolution
		{16417557-C89E-434A-84A5-477B1163F445}.Debug|x86.ActiveCfg = Debug|x86
		{16417557-C89E-434A-84A5-477B1163F445}.Debug|x86.Build.0 = Debug|x86
		{16417557-C89E-434A-84A5-477B1163F445}.Release|x86.ActiveCfg = Release|x86
		{16417557-C89E-434A-84A5-477B1163F445}.Release|x86.Build.0 = Release|x86
		{177F1915-3ED5-4CF4-9171-3412A8461E9D}.Debug|x86.ActiveCfg = Debug|x86
		{177F1915-3ED5-4CF4-9171-3412A8461E9D}.Debug|x86.Build.0 = Debug|x86
		{177F1915-3ED5-4CF4-9171-3412A8461E9D}.Release|x86.ActiveCfg = Release|x86
		{177F1915-3ED5-4CF4-9171-3412A8461E9D}.Release|x86.Build.0 = Release|x86
		{1FAFCB4C-3C3E-4DF2-86A9-2E2861C56B01}.Debug|x86.ActiveCfg = Debug|x86
		{1FAFCB4C-3C3E-4DF2-86A9-2E2861C56B01}.Debug|x86.Build.0 = Debug|x86
		{1FAFCB4C-3C3E-4DF2-86A9-2E2861C56B01}.Release|x86.ActiveCfg = Release|x86
		{1FAFCB4C-3C3E-4DF2-86A9-2E2861C56B01}.Release|x86.Build.0 = Release|x86
		{20691368-22F1-418D-874D-7587FDF372DD}.Debug|x86.ActiveCfg = Debug|x86
		{20691368-22F1-418D-874D-7587FDF372DD}.Debug|x86.Build.0 = Debug|x86
		{20691368-22F1-418D-874D-7587FDF372DD}.Release|x86.ActiveCfg = Release|x86
		{20691368-22F1-418D-874D-7587FDF372DD}.Release|x86.Build.0 = Release|x86
		{26936C0A-8BBA-4F98-8F6D-E3DE3ED2D4C5}.Debug|x86.ActiveCfg = Debug|x86
		{26936C0A-8BBA-4F98-8F6D-E3DE3ED2D4C5}.Debug|x86.Build.0 = Debug|x86
		{26936C0A-8BBA-4F98-8F6D-E3DE3ED2D4C5}.Release|x86.ActiveCfg = Release|x86
		{26936C0A-8BBA-4F98-8F6D-E3DE3ED2D4C5}.Release|x86.Build.0 = Release|x86
		{2CD9FE75-D163-4E37-8B6F-9D4991E57424}.Debug|x86.ActiveCfg = Debug|x86
		{2CD9FE75-D163-4E37-8B6F-9D4991E57424}.Debug|x86.Build.0 = Debug|x86
		{2CD9FE75-D163-4E37-8B6F-9D4991E57424}.Release|x86.ActiveCfg = Release|x86
		{2CD9FE75-D163-4E37-8B6F-9D4991E57424}.Release|x86.Build.0 = Release|x86
		{2FB140AB-FE31-433B-9A93-F7434A29E59A}.Debug|x86.ActiveCfg = Debug|x86
		{2FB140AB-FE31-433B-9A93-F7434A29E59A}.Debug|x86.Build.0 = Debug|x86
		{2FB140AB-FE31-433B-9A93-F7434A29E59A}.Release|x86.ActiveCfg = Release|x86
		{2FB140AB-FE31-433B-9A93-F7434A29E59A}.Release|x86.Build.0 = Release|x86
		{366F09A8-2D16-430E-8561-628C04A3AAFF}.Debug|x86.ActiveCfg = Debug|x86
		{366F09A8-2D16-430E-8561-628C04A3AAFF}.Debug|x86.Build.0 = Debug|x86
		{366F09A8-2D16-430E-8561-628C04A3AAFF}.Release|x86.ActiveCfg = Release|x86
		{366F09A8-2D16-430E-8561-628C04A3AAFF}.Release|x86.Build.0 = Release|x86
		{48322070-AAC8-465A-9253-300AAAD89AF3}.Debug|x86.ActiveCfg = Debug|x86
		{48322070-AAC8-465A-9253-300AAAD89AF3}.Debug|x86.Build.0 = Debug|x86
		{48322070-AAC8-465A-9253-300AAAD89AF3}.Release|x86.ActiveCfg = Release|x86
		{48322070-AAC8-465A-9253-300AAAD89AF3}.Release|x86.Build.0 = Release|x86
		{56031B20-17E1-475F-BCF3-20E6CA769546}.Debug|x86.ActiveCfg = Debug|x86
		{56031B20-17E1-475F-BCF3-20E6CA769546}.Debug|x86.Build.0 = Debug|x86
		{56031B20-17E1-475F-BCF3-20E6CA769546}.Release|x86.ActiveCfg = Release|x86
		{56031B20-17E1-475F-BCF3-20E6CA769546}.Release|x86.Build.0 = Release|x86
		{5A1B6273-9F40-49EC-A9F0-7F99A5B61772}.Debug|x86.ActiveCfg = Debug|x86
		{5A1B6273-9F40-49EC-A9F0-7F99A5B61772}.Debug|x86.Build.0 = Debug|x86
		{5A1B6273-9F40-49EC-A9F0-7F99A5B61772}.Release|x86.ActiveCfg = Release|x86
		{5A1B6273-9F40-49EC-A9F0-7F99A5B61772}.Release|x86.Build.0 = Release|x86
		{6417518B-A83F-46D6-8982-1EC2CEBB17C4}.Debug|x86.ActiveCfg = Debug|x86
		{6417518B-A83F-46D6-8982-1EC2CEBB17C4}.Debug|x86.Build.0 = Debug|x86
		{6417518B-A83F-46D6-8982-1EC2CEBB17C4}.Release|x86.ActiveCfg = Release|x86
		{6417518B-A83F-46D6-8982-1EC2CEBB17C4}.Release|x86.Build.0 = Release|x86
		{6737F20E-2916-4C28-B425-6246C2DAA2A0}.Debug|x86.ActiveCfg = Debug|x86
		{6737F20E-2916-4C28-B425-6246C2DAA2A0}.Debug|x86.Build.0 = Debug|x86
		{6737F20E-2916-4C28-B425-6246C2DAA2A0}.Release|x86.ActiveCfg = Release|x86
		{6737F20E-2916-4C28-B425-6246C2DAA2A0}.Release|x86.Build.0 = Release|x86
		{77B230F3-6A8D-4D4E-95B7-6A7667EDEA5D}.Debug|x86.ActiveCfg = Debug|x86
		{77B230F3-6A8D-4D4E-95B7-6A7667EDEA5D}.Debug|x86.Build.0 = Debug|x86
		{77B230F3-6A8D-4D4E-95B7-6A7667EDEA5D}.Release|x86.ActiveCfg = Release|x86
		{77B230F3-6A8D-4D4E-95B7-6A7667EDEA5D}.Release|x86.Build.0 = Release|x86
		{88FDF483-AE45-4B41-B5A2-E91C27548F30}.Debug|x86.ActiveCfg = Debug|x86
		{88FDF483-AE45-4B41-B5A2-E91C27548F30}.Debug|x86.Build.0 = Debug|x86
		{88FDF483-AE45-4B41-B5A2-E91C27548F30}.Release|x86.ActiveCfg = Release|x86
		{88FDF483-AE45-4B41-B5A2-E91C27548F30}.Release|x86.Build.0 = Release|x86
		{93DE808A-2F1B-44FA-B7E3-2B4771E6F76E}.Debug|x86.ActiveCfg = Debug|x86
		{93DE808A-2F1B-44FA-B7E3-2B4771E6F76E}.Debug|x86.Build.0 = Debug|x86
		{93DE808A-2F1B-44FA-B7E3-2B4771E6F76E}.Release|x86.ActiveCfg = Release|x86
		{93DE808A-2F1B-44FA-B7E3-2B4771E6F76E}.Release|x86.Build.0 = Release|x86
		{AE5F1129-7C20-4DAF-9119-8F166A0C29E5}.Debug|x86.ActiveCfg = Debug|x86
		{AE5F1129-7C20-4DAF-9119-8F166A0C29E5}.Debug|x86.Build.0 = Debug|x86
		{AE5F1129-7C20-4DAF-9119-8F166A0C29E5}.Release|x86.ActiveCfg = Release|x86
		{AE5F1129-7C20-4DAF-9119-8F166A0C29E5}.Release|x86.Build.0 = Release|x86
		{B5F1AB48-8F7F-42BD-92E1-242A888A9CC3}.Debug|x86.ActiveCfg = Debug|x86
		{B5F1AB48-8F7F-42BD-92E1-242A888A9CC3}.Debug|x86.Build.0 = Debug|x86
		{B5F1AB48-8F7F-42BD-92E1-242A888A9CC3}.Release|x86.ActiveCfg = Release|x86
		{B5F1AB48-8F7F-42BD-92E1-242A888A9CC3}.Release|x86.Build.0 = Release|x86
		{D5798996-A44F-443E-81C2-7F421CA9D2FB}.Debug|x86.ActiveCfg = Debug|x86
		{D5798996-A44F-443E-81C2-7F421CA9D2FB}.Debug|x86.Build.0 = Debug|x86
		{D5798996-A44F-443E-81C2-7F421CA9D2FB}.Release|x86.ActiveCfg = Release|x86
		{D5798996-A44F-443E-81C2-7F421CA9D2FB}.Release|x86.Build.0 = Release|x86
		{EFF58A07-4017-4081-AE4E-B9A077AB24C6}.Debug|x86.ActiveCfg = Debug|x86
		{EFF58A07-4017-4081-AE4E-B9A077AB24C6}.Debug|x86.Build.0 = Debug|x86
		{EFF58A07-4017-4081-AE4E-B9A077AB24C6}.Release|x86.ActiveCfg = Release|x86
		{EFF58A07-4017-4081-AE4E-B9A077AB24C6}.Release|x86.Build.0 = Release|x86
	EndGlobalSection
	GlobalSection(MonoDevelopProperties) = preSolution
		StartupItem = 01_HelloSifteo\01_HelloSifteo.csproj
	EndGlobalSection
	GlobalSection(SolutionProperties) = preSolution
		HideSolutionNode = FALSE
	EndGlobalSection
EndGlobal
